
Microsoft Visual Studio Solution File, Format Version 12.00
# Visual Studio Version 17
VisualStudioVersion = 17.3.32929.385
MinimumVisualStudioVersion = 10.0.40219.1
Project("{C7167F0D-BC9F-4E6E-AFE1-012C56B48DB5}") = "TamaguiDesktop.Package", "TamaguiDesktop.Package\TamaguiDesktop.Package.wapproj", "{37C61AA6-0A62-4347-9DA4-56A52ACDC6AD}"
EndProject
Project("{8BC9CEB8-8B4A-11D0-8D11-00A0C91BC942}") = "TamaguiDesktop", "TamaguiDesktop\TamaguiDesktop.vcxproj", "{93E23098-7AA4-4518-8FB9-4976C58DE339}"
EndProject
Global
	GlobalSection(SolutionConfigurationPlatforms) = preSolution
		Debug|x64 = Debug|x64
		Debug|x86 = Debug|x86
		Debug|ARM64 = Debug|ARM64
		Release|x64 = Release|x64
		Release|x86 = Release|x86
		Release|ARM64 = Release|ARM64
	EndGlobalSection
	GlobalSection(ProjectConfigurationPlatforms) = postSolution
		{37C61AA6-0A62-4347-9DA4-56A52ACDC6AD}.Debug|x64.ActiveCfg = Debug|x64
		{37C61AA6-0A62-4347-9DA4-56A52ACDC6AD}.Debug|x64.Build.0 = Debug|x64
		{37C61AA6-0A62-4347-9DA4-56A52ACDC6AD}.Debug|x64.Deploy.0 = Debug|x64
		{37C61AA6-0A62-4347-9DA4-56A52ACDC6AD}.Debug|x86.ActiveCfg = Debug|x86
		{37C61AA6-0A62-4347-9DA4-56A52ACDC6AD}.Debug|x86.Build.0 = Debug|x86
		{37C61AA6-0A62-4347-9DA4-56A52ACDC6AD}.Debug|x86.Deploy.0 = Debug|x86
		{37C61AA6-0A62-4347-9DA4-56A52ACDC6AD}.Debug|ARM64.ActiveCfg = Debug|ARM64
		{37C61AA6-0A62-4347-9DA4-56A52ACDC6AD}.Debug|ARM64.Build.0 = Debug|ARM64
		{37C61AA6-0A62-4347-9DA4-56A52ACDC6AD}.Debug|ARM64.Deploy.0 = Debug|ARM64
		{37C61AA6-0A62-4347-9DA4-56A52ACDC6AD}.Release|x64.ActiveCfg = Release|x64
		{37C61AA6-0A62-4347-9DA4-56A52ACDC6AD}.Release|x64.Build.0 = Release|x64
		{37C61AA6-0A62-4347-9DA4-56A52ACDC6AD}.Release|x64.Deploy.0 = Release|x64
		{37C61AA6-0A62-4347-9DA4-56A52ACDC6AD}.Release|x86.ActiveCfg = Release|x86
		{37C61AA6-0A62-4347-9DA4-56A52ACDC6AD}.Release|x86.Build.0 = Release|x86
		{37C61AA6-0A62-4347-9DA4-56A52ACDC6AD}.Release|x86.Deploy.0 = Release|x86
		{37C61AA6-0A62-4347-9DA4-56A52ACDC6AD}.Release|ARM64.ActiveCfg = Release|ARM64
		{37C61AA6-0A62-4347-9DA4-56A52ACDC6AD}.Release|ARM64.Build.0 = Release|ARM64
		{37C61AA6-0A62-4347-9DA4-56A52ACDC6AD}.Release|ARM64.Deploy.0 = Release|ARM64
		{93E23098-7AA4-4518-8FB9-4976C58DE339}.Debug|x64.ActiveCfg = Debug|x64
		{93E23098-7AA4-4518-8FB9-4976C58DE339}.Debug|x64.Build.0 = Debug|x64
		{93E23098-7AA4-4518-8FB9-4976C58DE339}.Debug|x64.Deploy.0 = Debug|x64
		{93E23098-7AA4-4518-8FB9-4976C58DE339}.Debug|x86.ActiveCfg = Debug|Win32
		{93E23098-7AA4-4518-8FB9-4976C58DE339}.Debug|x86.Build.0 = Debug|Win32
		{93E23098-7AA4-4518-8FB9-4976C58DE339}.Debug|x86.Deploy.0 = Debug|Win32
		{93E23098-7AA4-4518-8FB9-4976C58DE339}.Debug|ARM64.ActiveCfg = Debug|ARM64
		{93E23098-7AA4-4518-8FB9-4976C58DE339}.Debug|ARM64.Build.0 = Debug|ARM64
		{93E23098-7AA4-4518-8FB9-4976C58DE339}.Debug|ARM64.Deploy.0 = Debug|ARM64
		{93E23098-7AA4-4518-8FB9-4976C58DE339}.Release|x64.ActiveCfg = Release|x64
		{93E23098-7AA4-4518-8FB9-4976C58DE339}.Release|x64.Build.0 = Release|x64
		{93E23098-7AA4-4518-8FB9-4976C58DE339}.Release|x64.Deploy.0 = Release|x64
		{93E23098-7AA4-4518-8FB9-4976C58DE339}.Release|x86.ActiveCfg = Release|Win32
		{93E23098-7AA4-4518-8FB9-4976C58DE339}.Release|x86.Build.0 = Release|Win32
		{93E23098-7AA4-4518-8FB9-4976C58DE339}.Release|x86.Deploy.0 = Release|Win32
		{93E23098-7AA4-4518-8FB9-4976C58DE339}.Release|ARM64.ActiveCfg = Release|ARM64
		{93E23098-7AA4-4518-8FB9-4976C58DE339}.Release|ARM64.Build.0 = Release|ARM64
		{93E23098-7AA4-4518-8FB9-4976C58DE339}.Release|ARM64.Deploy.0 = Release|ARM64
	EndGlobalSection
	GlobalSection(SolutionProperties) = preSolution
		HideSolutionNode = FALSE
	EndGlobalSection
	GlobalSection(ExtensibilityGlobals) = postSolution
		SolutionGuid = {D43FAD39-F619-437D-BB40-04A3982ACB6A}
	EndGlobalSection
EndGlobal
